// !$*UTF8*$!
{
	archiveVersion = 1;
	classes = {
	};
	objectVersion = 50;
	objects = {

/* Begin PBXBuildFile section */
		03ED091D20DB8F68005947A7 /* AppDelegate.m in Sources */ = {isa = PBXBuildFile; fileRef = 03ED091C20DB8F68005947A7 /* AppDelegate.m */; };
		03ED092020DB8F68005947A7 /* ViewController.m in Sources */ = {isa = PBXBuildFile; fileRef = 03ED091F20DB8F68005947A7 /* ViewController.m */; };
		03ED092320DB8F68005947A7 /* Main.storyboard in Resources */ = {isa = PBXBuildFile; fileRef = 03ED092120DB8F68005947A7 /* Main.storyboard */; };
		03ED092520DB8F6A005947A7 /* Assets.xcassets in Resources */ = {isa = PBXBuildFile; fileRef = 03ED092420DB8F6A005947A7 /* Assets.xcassets */; };
		03ED092820DB8F6A005947A7 /* LaunchScreen.storyboard in Resources */ = {isa = PBXBuildFile; fileRef = 03ED092620DB8F6A005947A7 /* LaunchScreen.storyboard */; };
		03ED092B20DB8F6A005947A7 /* main.m in Sources */ = {isa = PBXBuildFile; fileRef = 03ED092A20DB8F6A005947A7 /* main.m */; };
		03ED093620DB8F75005947A7 /* ZSAttributedStringRange.m in Sources */ = {isa = PBXBuildFile; fileRef = 03ED093320DB8F75005947A7 /* ZSAttributedStringRange.m */; };
		03ED093720DB8F75005947A7 /* ZSAttributedStringBuilder.m in Sources */ = {isa = PBXBuildFile; fileRef = 03ED093420DB8F75005947A7 /* ZSAttributedStringBuilder.m */; };
/* End PBXBuildFile section */

/* Begin PBXFileReference section */
		03ED091820DB8F68005947A7 /* ZSAttributedStringBuilder-master.app */ = {isa = PBXFileReference; explicitFileType = wrapper.application; includeInIndex = 0; path = "ZSAttributedStringBuilder-master.app"; sourceTree = BUILT_PRODUCTS_DIR; };
		03ED091B20DB8F68005947A7 /* AppDelegate.h */ = {isa = PBXFileReference; lastKnownFileType = sourcecode.c.h; path = AppDelegate.h; sourceTree = "<group>"; };
		03ED091C20DB8F68005947A7 /* AppDelegate.m */ = {isa = PBXFileReference; lastKnownFileType = sourcecode.c.objc; path = AppDelegate.m; sourceTree = "<group>"; };
		03ED091E20DB8F68005947A7 /* ViewController.h */ = {isa = PBXFileReference; lastKnownFileType = sourcecode.c.h; path = ViewController.h; sourceTree = "<group>"; };
		03ED091F20DB8F68005947A7 /* ViewController.m */ = {isa = PBXFileReference; lastKnownFileType = sourcecode.c.objc; path = ViewController.m; sourceTree = "<group>"; };
		03ED092220DB8F68005947A7 /* Base */ = {isa = PBXFileReference; lastKnownFileType = file.storyboard; name = Base; path = Base.lproj/Main.storyboard; sourceTree = "<group>"; };
		03ED092420DB8F6A005947A7 /* Assets.xcassets */ = {isa = PBXFileReference; lastKnownFileType = folder.assetcatalog; path = Assets.xcassets; sourceTree = "<group>"; };
		03ED092720DB8F6A005947A7 /* Base */ = {isa = PBXFileReference; lastKnownFileType = file.storyboard; name = Base; path = Base.lproj/LaunchScreen.storyboard; sourceTree = "<group>"; };
		03ED092920DB8F6A005947A7 /* Info.plist */ = {isa = PBXFileReference; lastKnownFileType = text.plist.xml; path = Info.plist; sourceTree = "<group>"; };
		03ED092A20DB8F6A005947A7 /* main.m */ = {isa = PBXFileReference; lastKnownFileType = sourcecode.c.objc; path = main.m; sourceTree = "<group>"; };
		03ED093220DB8F75005947A7 /* ZSAttributedStringBuilder.h */ = {isa = PBXFileReference; fileEncoding = 4; lastKnownFileType = sourcecode.c.h; path = ZSAttributedStringBuilder.h; sourceTree = "<group>"; };
		03ED093320DB8F75005947A7 /* ZSAttributedStringRange.m */ = {isa = PBXFileReference; fileEncoding = 4; lastKnownFileType = sourcecode.c.objc; path = ZSAttributedStringRange.m; sourceTree = "<group>"; };
		03ED093420DB8F75005947A7 /* ZSAttributedStringBuilder.m */ = {isa = PBXFileReference; fileEncoding = 4; lastKnownFileType = sourcecode.c.objc; path = ZSAttributedStringBuilder.m; sourceTree = "<group>"; };
		03ED093520DB8F75005947A7 /* ZSAttributedStringRange.h */ = {isa = PBXFileReference; fileEncoding = 4; lastKnownFileType = sourcecode.c.h; path = ZSAttributedStringRange.h; sourceTree = "<group>"; };
/* End PBXFileReference section */

/* Begin PBXFrameworksBuildPhase section */
		03ED091520DB8F68005947A7 /* Frameworks */ = {
			isa = PBXFrameworksBuildPhase;
			buildActionMask = 2147483647;
			files = (
			);
			runOnlyForDeploymentPostprocessing = 0;
		};
/* End PBXFrameworksBuildPhase section */

/* Begin PBXGroup section */
		03ED090F20DB8F68005947A7 = {
			isa = PBXGroup;
			children = (
				03ED093120DB8F75005947A7 /* ZSAttributedStringBuilder */,
				03ED091A20DB8F68005947A7 /* ZSAttributedStringBuilder-master */,
				03ED091920DB8F68005947A7 /* Products */,
			);
			sourceTree = "<group>";
		};
		03ED091920DB8F68005947A7 /* Products */ = {
			isa = PBXGroup;
			children = (
				03ED091820DB8F68005947A7 /* ZSAttributedStringBuilder-master.app */,
			);
			name = Products;
			sourceTree = "<group>";
		};
		03ED091A20DB8F68005947A7 /* ZSAttributedStringBuilder-master */ = {
			isa = PBXGroup;
			children = (
				03ED091B20DB8F68005947A7 /* AppDelegate.h */,
				03ED091C20DB8F68005947A7 /* AppDelegate.m */,
				03ED091E20DB8F68005947A7 /* ViewController.h */,
				03ED091F20DB8F68005947A7 /* ViewController.m */,
				03ED092120DB8F68005947A7 /* Main.storyboard */,
				03ED092420DB8F6A005947A7 /* Assets.xcassets */,
				03ED092620DB8F6A005947A7 /* LaunchScreen.storyboard */,
				03ED092920DB8F6A005947A7 /* Info.plist */,
				03ED092A20DB8F6A005947A7 /* main.m */,
			);
			path = "ZSAttributedStringBuilder-master";
			sourceTree = "<group>";
		};
		03ED093120DB8F75005947A7 /* ZSAttributedStringBuilder */ = {
			isa = PBXGroup;
			children = (
				03ED093220DB8F75005947A7 /* ZSAttributedStringBuilder.h */,
				03ED093420DB8F75005947A7 /* ZSAttributedStringBuilder.m */,
				03ED093520DB8F75005947A7 /* ZSAttributedStringRange.h */,
				03ED093320DB8F75005947A7 /* ZSAttributedStringRange.m */,
			);
			path = ZSAttributedStringBuilder;
			sourceTree = "<group>";
		};
/* End PBXGroup section */

/* Begin PBXNativeTarget section */
		03ED091720DB8F68005947A7 /* ZSAttributedStringBuilder-master */ = {
			isa = PBXNativeTarget;
			buildConfigurationList = 03ED092E20DB8F6A005947A7 /* Build configuration list for PBXNativeTarget "ZSAttributedStringBuilder-master" */;
			buildPhases = (
				03ED091420DB8F68005947A7 /* Sources */,
				03ED091520DB8F68005947A7 /* Frameworks */,
				03ED091620DB8F68005947A7 /* Resources */,
			);
			buildRules = (
			);
			dependencies = (
			);
			name = "ZSAttributedStringBuilder-master";
			productName = "ZSAttributedStringBuilder-master";
			productReference = 03ED091820DB8F68005947A7 /* ZSAttributedStringBuilder-master.app */;
			productType = "com.apple.product-type.application";
		};
/* End PBXNativeTarget section */

/* Begin PBXProject section */
		03ED091020DB8F68005947A7 /* Project object */ = {
			isa = PBXProject;
			attributes = {
				LastUpgradeCheck = 0940;
				ORGANIZATIONNAME = safiri;
				TargetAttributes = {
					03ED091720DB8F68005947A7 = {
						CreatedOnToolsVersion = 9.4;
					};
				};
			};
			buildConfigurationList = 03ED091320DB8F68005947A7 /* Build configuration list for PBXProject "ZSAttributedStringBuilder-master" */;
			compatibilityVersion = "Xcode 9.3";
			developmentRegion = en;
			hasScannedForEncodings = 0;
			knownRegions = (
				en,
				Base,
			);
			mainGroup = 03ED090F20DB8F68005947A7;
			productRefGroup = 03ED091920DB8F68005947A7 /* Products */;
			projectDirPath = "";
			projectRoot = "";
			targets = (
				03ED091720DB8F68005947A7 /* ZSAttributedStringBuilder-master */,
			);
		};
/* End PBXProject section */

/* Begin PBXResourcesBuildPhase section */
		03ED091620DB8F68005947A7 /* Resources */ = {
			isa = PBXResourcesBuildPhase;
			buildActionMask = 2147483647;
			files = (
				03ED092820DB8F6A005947A7 /* LaunchScreen.storyboard in Resources */,
				03ED092520DB8F6A005947A7 /* Assets.xcassets in Resources */,
				03ED092320DB8F68005947A7 /* Main.storyboard in Resources */,
			);
			runOnlyForDeploymentPostprocessing = 0;
		};
/* End PBXResourcesBuildPhase section */

/* Begin PBXSourcesBuildPhase section */
		03ED091420DB8F68005947A7 /* Sources */ = {
			isa = PBXSourcesBuildPhase;
			buildActionMask = 2147483647;
			files = (
				03ED092020DB8F68005947A7 /* ViewController.m in Sources */,
				03ED093620DB8F75005947A7 /* ZSAttributedStringRange.m in Sources */,
				03ED092B20DB8F6A005947A7 /* main.m in Sources */,
				03ED093720DB8F75005947A7 /* ZSAttributedStringBuilder.m in Sources */,
				03ED091D20DB8F68005947A7 /* AppDelegate.m in Sources */,
			);
			runOnlyForDeploymentPostprocessing = 0;
		};
/* End PBXSourcesBuildPhase section */

/* Begin PBXVariantGroup section */
		03ED092120DB8F68005947A7 /* Main.storyboard */ = {
			isa = PBXVariantGroup;
			children = (
				03ED092220DB8F68005947A7 /* Base */,
			);
			name = Main.storyboard;
			sourceTree = "<group>";
		};
		03ED092620DB8F6A005947A7 /* LaunchScreen.storyboard */ = {
			isa = PBXVariantGroup;
			children = (
				03ED092720DB8F6A005947A7 /* Base */,
			);
			name = LaunchScreen.storyboard;
			sourceTree = "<group>";
		};
/* End PBXVariantGroup section */

/* Begin XCBuildConfiguration section */
		03ED092C20DB8F6A005947A7 /* Debug */ = {
			isa = XCBuildConfiguration;
			buildSettings = {
				ALWAYS_SEARCH_USER_PATHS = NO;
				CLANG_ANALYZER_NONNULL = YES;
				CLANG_ANALYZER_NUMBER_OBJECT_CONVERSION = YES_AGGRESSIVE;
				CLANG_CXX_LANGUAGE_STANDARD = "gnu++14";
				CLANG_CXX_LIBRARY = "libc++";
				CLANG_ENABLE_MODULES = YES;
				CLANG_ENABLE_OBJC_ARC = YES;
				CLANG_ENABLE_OBJC_WEAK = YES;
				CLANG_WARN_BLOCK_CAPTURE_AUTORELEASING = YES;
				CLANG_WARN_BOOL_CONVERSION = YES;
				CLANG_WARN_COMMA = YES;
				CLANG_WARN_CONSTANT_CONVERSION = YES;
				CLANG_WARN_DEPRECATED_OBJC_IMPLEMENTATIONS = YES;
				CLANG_WARN_DIRECT_OBJC_ISA_USAGE = YES_ERROR;
				CLANG_WARN_DOCUMENTATION_COMMENTS = YES;
				CLANG_WARN_EMPTY_BODY = YES;
				CLANG_WARN_ENUM_CONVERSION = YES;
				CLANG_WARN_INFINITE_RECURSION = YES;
				CLANG_WARN_INT_CONVERSION = YES;
				CLANG_WARN_NON_LITERAL_NULL_CONVERSION = YES;
				CLANG_WARN_OBJC_IMPLICIT_RETAIN_SELF = YES;
				CLANG_WARN_OBJC_LITERAL_CONVERSION = YES;
				CLANG_WARN_OBJC_ROOT_CLASS = YES_ERROR;
				CLANG_WARN_RANGE_LOOP_ANALYSIS = YES;
				CLANG_WARN_STRICT_PROTOTYPES = YES;
				CLANG_WARN_SUSPICIOUS_MOVE = YES;
				CLANG_WARN_UNGUARDED_AVAILABILITY = YES_AGGRESSIVE;
				CLANG_WARN_UNREACHABLE_CODE = YES;
				CLANG_WARN__DUPLICATE_METHOD_MATCH = YES;
				CODE_SIGN_IDENTITY = "iPhone Developer";
				COPY_PHASE_STRIP = NO;
				DEBUG_INFORMATION_FORMAT = dwarf;
				ENABLE_STRICT_OBJC_MSGSEND = YES;
				ENABLE_TESTABILITY = YES;
				GCC_C_LANGUAGE_STANDARD = gnu11;
				GCC_DYNAMIC_NO_PIC = NO;
				GCC_NO_COMMON_BLOCKS = YES;
				GCC_OPTIMIZATION_LEVEL = 0;
				GCC_PREPROCESSOR_DEFINITIONS = (
					"DEBUG=1",
					"$(inherited)",
				);
				GCC_WARN_64_TO_32_BIT_CONVERSION = YES;
				GCC_WARN_ABOUT_RETURN_TYPE = YES_ERROR;
				GCC_WARN_UNDECLARED_SELECTOR = YES;
				GCC_WARN_UNINITIALIZED_AUTOS = YES_AGGRESSIVE;
				GCC_WARN_UNUSED_FUNCTION = YES;
				GCC_WARN_UNUSED_VARIABLE = YES;
				IPHONEOS_DEPLOYMENT_TARGET = 11.4;
				MTL_ENABLE_DEBUG_INFO = YES;
				ONLY_ACTIVE_ARCH = YES;
				SDKROOT = iphoneos;
			};
			name = Debug;
		};
		03ED092D20DB8F6A005947A7 /* Release */ = {
			isa = XCBuildConfiguration;
			buildSettings = {
				ALWAYS_SEARCH_USER_PATHS = NO;
				CLANG_ANALYZER_NONNULL = YES;
				CLANG_ANALYZER_NUMBER_OBJECT_CONVERSION = YES_AGGRESSIVE;
				CLANG_CXX_LANGUAGE_STANDARD = "gnu++14";
				CLANG_CXX_LIBRARY = "libc++";
				CLANG_ENABLE_MODULES = YES;
				CLANG_ENABLE_OBJC_ARC = YES;
				CLANG_ENABLE_OBJC_WEAK = YES;
				CLANG_WARN_BLOCK_CAPTURE_AUTORELEASING = YES;
				CLANG_WARN_BOOL_CONVERSION = YES;
				CLANG_WARN_COMMA = YES;
				CLANG_WARN_CONSTANT_CONVERSION = YES;
				CLANG_WARN_DEPRECATED_OBJC_IMPLEMENTATIONS = YES;
				CLANG_WARN_DIRECT_OBJC_ISA_USAGE = YES_ERROR;
				CLANG_WARN_DOCUMENTATION_COMMENTS = YES;
				CLANG_WARN_EMPTY_BODY = YES;
				CLANG_WARN_ENUM_CONVERSION = YES;
				CLANG_WARN_INFINITE_RECURSION = YES;
				CLANG_WARN_INT_CONVERSION = YES;
				CLANG_WARN_NON_LITERAL_NULL_CONVERSION = YES;
				CLANG_WARN_OBJC_IMPLICIT_RETAIN_SELF = YES;
				CLANG_WARN_OBJC_LITERAL_CONVERSION = YES;
				CLANG_WARN_OBJC_ROOT_CLASS = YES_ERROR;
				CLANG_WARN_RANGE_LOOP_ANALYSIS = YES;
				CLANG_WARN_STRICT_PROTOTYPES = YES;
				CLANG_WARN_SUSPICIOUS_MOVE = YES;
				CLANG_WARN_UNGUARDED_AVAILABILITY = YES_AGGRESSIVE;
				CLANG_WARN_UNREACHABLE_CODE = YES;
				CLANG_WARN__DUPLICATE_METHOD_MATCH = YES;
				CODE_SIGN_IDENTITY = "iPhone Developer";
				COPY_PHASE_STRIP = NO;
				DEBUG_INFORMATION_FORMAT = "dwarf-with-dsym";
				ENABLE_NS_ASSERTIONS = NO;
				ENABLE_STRICT_OBJC_MSGSEND = YES;
				GCC_C_LANGUAGE_STANDARD = gnu11;
				GCC_NO_COMMON_BLOCKS = YES;
				GCC_WARN_64_TO_32_BIT_CONVERSION = YES;
				GCC_WARN_ABOUT_RETURN_TYPE = YES_ERROR;
				GCC_WARN_UNDECLARED_SELECTOR = YES;
				GCC_WARN_UNINITIALIZED_AUTOS = YES_AGGRESSIVE;
				GCC_WARN_UNUSED_FUNCTION = YES;
				GCC_WARN_UNUSED_VARIABLE = YES;
				IPHONEOS_DEPLOYMENT_TARGET = 11.4;
				MTL_ENABLE_DEBUG_INFO = NO;
				SDKROOT = iphoneos;
				VALIDATE_PRODUCT = YES;
			};
			name = Release;
		};
		03ED092F20DB8F6A005947A7 /* Debug */ = {
			isa = XCBuildConfiguration;
			buildSettings = {
				ASSETCATALOG_COMPILER_APPICON_NAME = AppIcon;
				CODE_SIGN_STYLE = Automatic;
				DEVELOPMENT_TEAM = HWZH7TV284;
				INFOPLIST_FILE = "ZSAttributedStringBuilder-master/Info.plist";
				LD_RUNPATH_SEARCH_PATHS = (
					"$(inherited)",
					"@executable_path/Frameworks",
				);
				PRODUCT_BUNDLE_IDENTIFIER = "com.safiri.ZSAttributedStringBuilder-master";
				PRODUCT_NAME = "$(TARGET_NAME)";
				TARGETED_DEVICE_FAMILY = "1,2";
			};
			name = Debug;
		};
		03ED093020DB8F6A005947A7 /* Release */ = {
			isa = XCBuildConfiguration;
			buildSettings = {
				ASSETCATALOG_COMPILER_APPICON_NAME = AppIcon;
				CODE_SIGN_STYLE = Automatic;
				DEVELOPMENT_TEAM = HWZH7TV284;
				INFOPLIST_FILE = "ZSAttributedStringBuilder-master/Info.plist";
				LD_RUNPATH_SEARCH_PATHS = (
					"$(inherited)",
					"@executable_path/Frameworks",
				);
				PRODUCT_BUNDLE_IDENTIFIER = "com.safiri.ZSAttributedStringBuilder-master";
				PRODUCT_NAME = "$(TARGET_NAME)";
				TARGETED_DEVICE_FAMILY = "1,2";
			};
			name = Release;
		};
/* End XCBuildConfiguration section */

/* Begin XCConfigurationList section */
		03ED091320DB8F68005947A7 /* Build configuration list for PBXProject "ZSAttributedStringBuilder-master" */ = {
			isa = XCConfigurationList;
			buildConfigurations = (
				03ED092C20DB8F6A005947A7 /* Debug */,
				03ED092D20DB8F6A005947A7 /* Release */,
			);
			defaultConfigurationIsVisible = 0;
			defaultConfigurationName = Release;
		};
		03ED092E20DB8F6A005947A7 /* Build configuration list for PBXNativeTarget "ZSAttributedStringBuilder-master" */ = {
			isa = XCConfigurationList;
			buildConfigurations = (
				03ED092F20DB8F6A005947A7 /* Debug */,
				03ED093020DB8F6A005947A7 /* Release */,
			);
			defaultConfigurationIsVisible = 0;
			defaultConfigurationName = Release;
		};
/* End XCConfigurationList section */
	};
	rootObject = 03ED091020DB8F68005947A7 /* Project object */;
}
